
Microsoft Visual Studio Solution File, Format Version 12.00
# Visual Studio Version 17
VisualStudioVersion = 17.14.36623.8 d17.14
MinimumVisualStudioVersion = 10.0.40219.1
Project("{FAE04EC0-301F-11D3-BF4B-00C04F79EFBC}") = "ExamMeAI", "ExamMeAI.csproj", "{1236C6ED-B88A-42EA-9380-691769369023}"
EndProject
Global
	GlobalSection(SolutionConfigurationPlatforms) = preSolution
		Debug|Any CPU = Debug|Any CPU
		Release|Any CPU = Release|Any CPU
	EndGlobalSection
	GlobalSection(ProjectConfigurationPlatforms) = postSolution
		{1236C6ED-B88A-42EA-9380-691769369023}.Debug|Any CPU.ActiveCfg = Debug|Any CPU
		{1236C6ED-B88A-42EA-9380-691769369023}.Debug|Any CPU.Build.0 = Debug|Any CPU
		{1236C6ED-B88A-42EA-9380-691769369023}.Release|Any CPU.ActiveCfg = Release|Any CPU
		{1236C6ED-B88A-42EA-9380-691769369023}.Release|Any CPU.Build.0 = Release|Any CPU
	EndGlobalSection
	GlobalSection(SolutionProperties) = preSolution
		HideSolutionNode = FALSE
	EndGlobalSection
	GlobalSection(ExtensibilityGlobals) = postSolution
		SolutionGuid = {2FD4F181-219C-4292-B142-F5D0CAF85515}
	EndGlobalSection
EndGlobal
